
Microsoft Visual Studio Solution File, Format Version 12.00
# Visual Studio Version 17
VisualStudioVersion = 17.6.33723.286
MinimumVisualStudioVersion = 10.0.40219.1
Project("{FAE04EC0-301F-11D3-BF4B-00C04F79EFBC}") = "ImaginaEnvio", "ImaginaEnvio\ImaginaEnvio.csproj", "{700923AC-16EC-4012-AC24-5D8BE574DB55}"
EndProject
Global
	GlobalSection(SolutionConfigurationPlatforms) = preSolution
		Debug|Any CPU = Debug|Any CPU
		Release|Any CPU = Release|Any CPU
	EndGlobalSection
	GlobalSection(ProjectConfigurationPlatforms) = postSolution
		{700923AC-16EC-4012-AC24-5D8BE574DB55}.Debug|Any CPU.ActiveCfg = Debug|Any CPU
		{700923AC-16EC-4012-AC24-5D8BE574DB55}.Debug|Any CPU.Build.0 = Debug|Any CPU
		{700923AC-16EC-4012-AC24-5D8BE574DB55}.Release|Any CPU.ActiveCfg = Release|Any CPU
		{700923AC-16EC-4012-AC24-5D8BE574DB55}.Release|Any CPU.Build.0 = Release|Any CPU
	EndGlobalSection
	GlobalSection(SolutionProperties) = preSolution
		HideSolutionNode = FALSE
	EndGlobalSection
	GlobalSection(ExtensibilityGlobals) = postSolution
		SolutionGuid = {ACC69D88-DEDB-4A4F-8C08-00943CCB0219}
	EndGlobalSection
EndGlobal
